
Microsoft Visual Studio Solution File, Format Version 12.00
# Visual Studio Version 16
VisualStudioVersion = 16.0.808.0
MinimumVisualStudioVersion = 10.0.40219.1
Project("{2150E333-8FDC-42A3-9474-1A3956D46DE8}") = "May25thIntroduction", "May25thIntroduction", "{FAE2634E-CA5E-45A7-A26F-8335733598DD}"
EndProject
Project("{9A19103F-16F7-4668-BE54-9A1E7A4F7556}") = "HelloWorld", "HelloWorld\HelloWorld.csproj", "{50795BD8-791A-4A12-906F-E67EC103386B}"
EndProject
Project("{2150E333-8FDC-42A3-9474-1A3956D46DE8}") = "May26ThLoopIntro", "May26ThLoopIntro", "{10F3EA5B-8130-4CE0-B5C5-4FE6CF2C2878}"
EndProject
Project("{9A19103F-16F7-4668-BE54-9A1E7A4F7556}") = "Loops", "Loops\Loops.csproj", "{CFA98CE5-5ADE-4C77-9E5E-EF91DA215F56}"
EndProject
Project("{2150E333-8FDC-42A3-9474-1A3956D46DE8}") = "June2ndMethods", "June2ndMethods", "{BEBAFF87-2BC2-4366-BA41-BB4E9CED544D}"
EndProject
Project("{9A19103F-16F7-4668-BE54-9A1E7A4F7556}") = "Methods", "Methods\Methods.csproj", "{EC8C04CB-DCB7-45FF-8B22-AF4BE824A575}"
EndProject
Project("{2150E333-8FDC-42A3-9474-1A3956D46DE8}") = "June3rdStrings", "June3rdStrings", "{1BA04860-F7B8-4557-A1BD-34DBCDEC6E28}"
EndProject
Project("{9A19103F-16F7-4668-BE54-9A1E7A4F7556}") = "StringsExample", "StringsExample\StringsExample.csproj", "{5E0DFF52-37D9-444D-B361-E185D74DF762}"
EndProject
Project("{2150E333-8FDC-42A3-9474-1A3956D46DE8}") = "June6thArrays", "June6thArrays", "{0C25BF12-F979-4B26-B718-B896C6CED2E8}"
EndProject
Project("{9A19103F-16F7-4668-BE54-9A1E7A4F7556}") = "IntroArrays", "IntroArrays\IntroArrays.csproj", "{5B3DE673-3933-48F3-88CB-68B8FA5AB56F}"
EndProject
Project("{2150E333-8FDC-42A3-9474-1A3956D46DE8}") = "June14ThExamples", "June14ThExamples", "{51551D8D-C644-417A-AEB5-D602183E2012}"
EndProject
Project("{9A19103F-16F7-4668-BE54-9A1E7A4F7556}") = "LINQExamples", "LINQExamples\LINQExamples.csproj", "{F2A58BD4-F49C-4C29-AA83-76BCBC133DD8}"
EndProject
Project("{2150E333-8FDC-42A3-9474-1A3956D46DE8}") = "June16thExamples", "June16thExamples", "{409BA0AA-14E4-4A5A-BE29-7B025C50A8DC}"
EndProject
Project("{9A19103F-16F7-4668-BE54-9A1E7A4F7556}") = "ErrorHandlingExamples", "ErrorHandlingExamples\ErrorHandlingExamples.csproj", "{B7301766-53AA-4822-B7E7-3E274EF5366D}"
EndProject
Project("{2150E333-8FDC-42A3-9474-1A3956D46DE8}") = "June17thExamples", "June17thExamples", "{7B9FE20C-D4AC-47D3-B37D-12E63756C969}"
EndProject
Project("{9A19103F-16F7-4668-BE54-9A1E7A4F7556}") = "IntroToOOP", "IntroToOOP\IntroToOOP.csproj", "{8FDA8ED9-7848-4088-A565-AD2BC82FE090}"
EndProject
Project("{2150E333-8FDC-42A3-9474-1A3956D46DE8}") = "June21stExamples", "June21stExamples", "{B20D9A5B-ED1C-49BA-B811-8EDC06245C71}"
EndProject
Project("{9A19103F-16F7-4668-BE54-9A1E7A4F7556}") = "ClassesAndObjects", "ClassesAndObjects\ClassesAndObjects.csproj", "{0E420B7C-6E87-4433-AE65-B61B8A15CB4C}"
EndProject
Project("{2150E333-8FDC-42A3-9474-1A3956D46DE8}") = "June23rdExamples", "June23rdExamples", "{C1C295DE-3453-41CE-BECB-D2126A07367F}"
EndProject
Project("{9A19103F-16F7-4668-BE54-9A1E7A4F7556}") = "InheritanceExamples", "InheritanceExamples\InheritanceExamples.csproj", "{13DAFE72-F787-4D0C-99AD-891BAF76B0F4}"
EndProject
Project("{2150E333-8FDC-42A3-9474-1A3956D46DE8}") = "June24thExamples", "June24thExamples", "{6097FD61-15BF-474D-BBE4-EB93D8327CF2}"
EndProject
Project("{9A19103F-16F7-4668-BE54-9A1E7A4F7556}") = "InterfacesAndAbstractClasses", "InterfacesAndAbstractClasses\InterfacesAndAbstractClasses.csproj", "{19AD3CE7-C471-45F0-8863-02D7A7656782}"
EndProject
Project("{2150E333-8FDC-42A3-9474-1A3956D46DE8}") = "June28thExamples", "June28thExamples", "{137D876E-C5DB-44C4-BC6B-8C1FD19141FC}"
EndProject
Project("{9A19103F-16F7-4668-BE54-9A1E7A4F7556}") = "EnumExampless", "EnumExampless\EnumExampless.csproj", "{7E0792C0-F3A9-45D1-A128-BB28EF770C27}"
EndProject
Project("{2150E333-8FDC-42A3-9474-1A3956D46DE8}") = "June30thExample", "June30thExample", "{486DAB06-77A8-40B1-9E7F-8298E8A68F10}"
EndProject
Project("{9A19103F-16F7-4668-BE54-9A1E7A4F7556}") = "OOPLabExample", "UnitTestExample\OOPLabExample\OOPLabExample.csproj", "{68969AB9-9C3B-4B9A-A436-BD05044ECAF4}"
EndProject
Project("{2150E333-8FDC-42A3-9474-1A3956D46DE8}") = "July1stReview", "July1stReview", "{AF69F264-2467-4CA1-926A-A79EB0D64225}"
EndProject
Project("{9A19103F-16F7-4668-BE54-9A1E7A4F7556}") = "Assessment2Review", "Assessment2Review\Assessment2Review.csproj", "{A666F71B-ACE5-472F-AD3B-713E8BBFBECC}"
EndProject
Project("{2150E333-8FDC-42A3-9474-1A3956D46DE8}") = "July7thExamples", "July7thExamples", "{635B60CD-21AC-4BBB-8B75-A85EF50811F5}"
EndProject
Project("{9A19103F-16F7-4668-BE54-9A1E7A4F7556}") = "FileI.O", "FileI.O\FileI.O.csproj", "{FBCAAEEE-5972-4168-8271-A5E115A6A13C}"
EndProject
Project("{2150E333-8FDC-42A3-9474-1A3956D46DE8}") = "July8thExample", "July8thExample", "{0B1DF266-E451-4898-B541-178E46267CBA}"
EndProject
Project("{9A19103F-16F7-4668-BE54-9A1E7A4F7556}") = "BranchExample", "BranchExample\BranchExample.csproj", "{CFE46A76-2581-487A-A4B5-C3F360D52EBE}"
EndProject
Project("{2150E333-8FDC-42A3-9474-1A3956D46DE8}") = "August18thExamples", "August18thExamples", "{066E1C96-1A47-4A54-8E23-87525380C17B}"
EndProject
Project("{9A19103F-16F7-4668-BE54-9A1E7A4F7556}") = "MVCExample", "MVCExample\MVCExample.csproj", "{F9D246EF-5356-48E2-83C9-AA92F54AF102}"
EndProject
Project("{2150E333-8FDC-42A3-9474-1A3956D46DE8}") = "August19thExamples", "August19thExamples", "{758AED96-CB19-4386-BAD7-C7A0183F3C99}"
EndProject
Project("{9A19103F-16F7-4668-BE54-9A1E7A4F7556}") = "IntroDependencyInjection", "IntroDependencyInjection\IntroDependencyInjection.csproj", "{72EA2439-FB88-4D8F-A5C3-1946A1ADFA53}"
EndProject
Project("{2150E333-8FDC-42A3-9474-1A3956D46DE8}") = "August23rdExamples", "August23rdExamples", "{D7068882-A114-490F-88A7-39E5C3C6A1F9}"
EndProject
Project("{9A19103F-16F7-4668-BE54-9A1E7A4F7556}") = "EFCoreDatabaseFirstExample", "EFCoreDatabaseFirstExample\EFCoreDatabaseFirstExample.csproj", "{D632A77C-3441-4F82-98FC-DA5ED3400499}"
EndProject
Project("{2150E333-8FDC-42A3-9474-1A3956D46DE8}") = "Aug20thExamples", "Aug20thExamples", "{CF37F2B3-6C75-47D8-BE7B-E9B68C58DD81}"
EndProject
Project("{FAE04EC0-301F-11D3-BF4B-00C04F79EFBC}") = "IntroToApis", "IntroToApis\IntroToApis.csproj", "{4A32CFC8-7A0A-44EC-95EE-4E9241664555}"
EndProject
Global
	GlobalSection(SolutionConfigurationPlatforms) = preSolution
		Debug|Any CPU = Debug|Any CPU
		Release|Any CPU = Release|Any CPU
	EndGlobalSection
	GlobalSection(ProjectConfigurationPlatforms) = postSolution
		{50795BD8-791A-4A12-906F-E67EC103386B}.Debug|Any CPU.ActiveCfg = Debug|Any CPU
		{50795BD8-791A-4A12-906F-E67EC103386B}.Debug|Any CPU.Build.0 = Debug|Any CPU
		{50795BD8-791A-4A12-906F-E67EC103386B}.Release|Any CPU.ActiveCfg = Release|Any CPU
		{50795BD8-791A-4A12-906F-E67EC103386B}.Release|Any CPU.Build.0 = Release|Any CPU
		{CFA98CE5-5ADE-4C77-9E5E-EF91DA215F56}.Debug|Any CPU.ActiveCfg = Debug|Any CPU
		{CFA98CE5-5ADE-4C77-9E5E-EF91DA215F56}.Debug|Any CPU.Build.0 = Debug|Any CPU
		{CFA98CE5-5ADE-4C77-9E5E-EF91DA215F56}.Release|Any CPU.ActiveCfg = Release|Any CPU
		{CFA98CE5-5ADE-4C77-9E5E-EF91DA215F56}.Release|Any CPU.Build.0 = Release|Any CPU
		{EC8C04CB-DCB7-45FF-8B22-AF4BE824A575}.Debug|Any CPU.ActiveCfg = Debug|Any CPU
		{EC8C04CB-DCB7-45FF-8B22-AF4BE824A575}.Debug|Any CPU.Build.0 = Debug|Any CPU
		{EC8C04CB-DCB7-45FF-8B22-AF4BE824A575}.Release|Any CPU.ActiveCfg = Release|Any CPU
		{EC8C04CB-DCB7-45FF-8B22-AF4BE824A575}.Release|Any CPU.Build.0 = Release|Any CPU
		{5E0DFF52-37D9-444D-B361-E185D74DF762}.Debug|Any CPU.ActiveCfg = Debug|Any CPU
		{5E0DFF52-37D9-444D-B361-E185D74DF762}.Debug|Any CPU.Build.0 = Debug|Any CPU
		{5E0DFF52-37D9-444D-B361-E185D74DF762}.Release|Any CPU.ActiveCfg = Release|Any CPU
		{5E0DFF52-37D9-444D-B361-E185D74DF762}.Release|Any CPU.Build.0 = Release|Any CPU
		{5B3DE673-3933-48F3-88CB-68B8FA5AB56F}.Debug|Any CPU.ActiveCfg = Debug|Any CPU
		{5B3DE673-3933-48F3-88CB-68B8FA5AB56F}.Debug|Any CPU.Build.0 = Debug|Any CPU
		{5B3DE673-3933-48F3-88CB-68B8FA5AB56F}.Release|Any CPU.ActiveCfg = Release|Any CPU
		{5B3DE673-3933-48F3-88CB-68B8FA5AB56F}.Release|Any CPU.Build.0 = Release|Any CPU
		{F2A58BD4-F49C-4C29-AA83-76BCBC133DD8}.Debug|Any CPU.ActiveCfg = Debug|Any CPU
		{F2A58BD4-F49C-4C29-AA83-76BCBC133DD8}.Debug|Any CPU.Build.0 = Debug|Any CPU
		{F2A58BD4-F49C-4C29-AA83-76BCBC133DD8}.Release|Any CPU.ActiveCfg = Release|Any CPU
		{F2A58BD4-F49C-4C29-AA83-76BCBC133DD8}.Release|Any CPU.Build.0 = Release|Any CPU
		{B7301766-53AA-4822-B7E7-3E274EF5366D}.Debug|Any CPU.ActiveCfg = Debug|Any CPU
		{B7301766-53AA-4822-B7E7-3E274EF5366D}.Debug|Any CPU.Build.0 = Debug|Any CPU
		{B7301766-53AA-4822-B7E7-3E274EF5366D}.Release|Any CPU.ActiveCfg = Release|Any CPU
		{B7301766-53AA-4822-B7E7-3E274EF5366D}.Release|Any CPU.Build.0 = Release|Any CPU
		{8FDA8ED9-7848-4088-A565-AD2BC82FE090}.Debug|Any CPU.ActiveCfg = Debug|Any CPU
		{8FDA8ED9-7848-4088-A565-AD2BC82FE090}.Debug|Any CPU.Build.0 = Debug|Any CPU
		{8FDA8ED9-7848-4088-A565-AD2BC82FE090}.Release|Any CPU.ActiveCfg = Release|Any CPU
		{8FDA8ED9-7848-4088-A565-AD2BC82FE090}.Release|Any CPU.Build.0 = Release|Any CPU
		{0E420B7C-6E87-4433-AE65-B61B8A15CB4C}.Debug|Any CPU.ActiveCfg = Debug|Any CPU
		{0E420B7C-6E87-4433-AE65-B61B8A15CB4C}.Debug|Any CPU.Build.0 = Debug|Any CPU
		{0E420B7C-6E87-4433-AE65-B61B8A15CB4C}.Release|Any CPU.ActiveCfg = Release|Any CPU
		{0E420B7C-6E87-4433-AE65-B61B8A15CB4C}.Release|Any CPU.Build.0 = Release|Any CPU
		{13DAFE72-F787-4D0C-99AD-891BAF76B0F4}.Debug|Any CPU.ActiveCfg = Debug|Any CPU
		{13DAFE72-F787-4D0C-99AD-891BAF76B0F4}.Debug|Any CPU.Build.0 = Debug|Any CPU
		{13DAFE72-F787-4D0C-99AD-891BAF76B0F4}.Release|Any CPU.ActiveCfg = Release|Any CPU
		{13DAFE72-F787-4D0C-99AD-891BAF76B0F4}.Release|Any CPU.Build.0 = Release|Any CPU
		{19AD3CE7-C471-45F0-8863-02D7A7656782}.Debug|Any CPU.ActiveCfg = Debug|Any CPU
		{19AD3CE7-C471-45F0-8863-02D7A7656782}.Debug|Any CPU.Build.0 = Debug|Any CPU
		{19AD3CE7-C471-45F0-8863-02D7A7656782}.Release|Any CPU.ActiveCfg = Release|Any CPU
		{19AD3CE7-C471-45F0-8863-02D7A7656782}.Release|Any CPU.Build.0 = Release|Any CPU
		{7E0792C0-F3A9-45D1-A128-BB28EF770C27}.Debug|Any CPU.ActiveCfg = Debug|Any CPU
		{7E0792C0-F3A9-45D1-A128-BB28EF770C27}.Debug|Any CPU.Build.0 = Debug|Any CPU
		{7E0792C0-F3A9-45D1-A128-BB28EF770C27}.Release|Any CPU.ActiveCfg = Release|Any CPU
		{7E0792C0-F3A9-45D1-A128-BB28EF770C27}.Release|Any CPU.Build.0 = Release|Any CPU
		{68969AB9-9C3B-4B9A-A436-BD05044ECAF4}.Debug|Any CPU.ActiveCfg = Debug|Any CPU
		{68969AB9-9C3B-4B9A-A436-BD05044ECAF4}.Debug|Any CPU.Build.0 = Debug|Any CPU
		{68969AB9-9C3B-4B9A-A436-BD05044ECAF4}.Release|Any CPU.ActiveCfg = Release|Any CPU
		{68969AB9-9C3B-4B9A-A436-BD05044ECAF4}.Release|Any CPU.Build.0 = Release|Any CPU
		{A666F71B-ACE5-472F-AD3B-713E8BBFBECC}.Debug|Any CPU.ActiveCfg = Debug|Any CPU
		{A666F71B-ACE5-472F-AD3B-713E8BBFBECC}.Debug|Any CPU.Build.0 = Debug|Any CPU
		{A666F71B-ACE5-472F-AD3B-713E8BBFBECC}.Release|Any CPU.ActiveCfg = Release|Any CPU
		{A666F71B-ACE5-472F-AD3B-713E8BBFBECC}.Release|Any CPU.Build.0 = Release|Any CPU
		{FBCAAEEE-5972-4168-8271-A5E115A6A13C}.Debug|Any CPU.ActiveCfg = Debug|Any CPU
		{FBCAAEEE-5972-4168-8271-A5E115A6A13C}.Debug|Any CPU.Build.0 = Debug|Any CPU
		{FBCAAEEE-5972-4168-8271-A5E115A6A13C}.Release|Any CPU.ActiveCfg = Release|Any CPU
		{FBCAAEEE-5972-4168-8271-A5E115A6A13C}.Release|Any CPU.Build.0 = Release|Any CPU
		{CFE46A76-2581-487A-A4B5-C3F360D52EBE}.Debug|Any CPU.ActiveCfg = Debug|Any CPU
		{CFE46A76-2581-487A-A4B5-C3F360D52EBE}.Debug|Any CPU.Build.0 = Debug|Any CPU
		{CFE46A76-2581-487A-A4B5-C3F360D52EBE}.Release|Any CPU.ActiveCfg = Release|Any CPU
		{CFE46A76-2581-487A-A4B5-C3F360D52EBE}.Release|Any CPU.Build.0 = Release|Any CPU
		{F9D246EF-5356-48E2-83C9-AA92F54AF102}.Debug|Any CPU.ActiveCfg = Debug|Any CPU
		{F9D246EF-5356-48E2-83C9-AA92F54AF102}.Debug|Any CPU.Build.0 = Debug|Any CPU
		{F9D246EF-5356-48E2-83C9-AA92F54AF102}.Release|Any CPU.ActiveCfg = Release|Any CPU
		{F9D246EF-5356-48E2-83C9-AA92F54AF102}.Release|Any CPU.Build.0 = Release|Any CPU
		{72EA2439-FB88-4D8F-A5C3-1946A1ADFA53}.Debug|Any CPU.ActiveCfg = Debug|Any CPU
		{72EA2439-FB88-4D8F-A5C3-1946A1ADFA53}.Debug|Any CPU.Build.0 = Debug|Any CPU
		{72EA2439-FB88-4D8F-A5C3-1946A1ADFA53}.Release|Any CPU.ActiveCfg = Release|Any CPU
		{72EA2439-FB88-4D8F-A5C3-1946A1ADFA53}.Release|Any CPU.Build.0 = Release|Any CPU
		{D632A77C-3441-4F82-98FC-DA5ED3400499}.Debug|Any CPU.ActiveCfg = Debug|Any CPU
		{D632A77C-3441-4F82-98FC-DA5ED3400499}.Debug|Any CPU.Build.0 = Debug|Any CPU
		{D632A77C-3441-4F82-98FC-DA5ED3400499}.Release|Any CPU.ActiveCfg = Release|Any CPU
		{D632A77C-3441-4F82-98FC-DA5ED3400499}.Release|Any CPU.Build.0 = Release|Any CPU
		{4A32CFC8-7A0A-44EC-95EE-4E9241664555}.Debug|Any CPU.ActiveCfg = Debug|Any CPU
		{4A32CFC8-7A0A-44EC-95EE-4E9241664555}.Debug|Any CPU.Build.0 = Debug|Any CPU
		{4A32CFC8-7A0A-44EC-95EE-4E9241664555}.Release|Any CPU.ActiveCfg = Release|Any CPU
		{4A32CFC8-7A0A-44EC-95EE-4E9241664555}.Release|Any CPU.Build.0 = Release|Any CPU
	EndGlobalSection
	GlobalSection(SolutionProperties) = preSolution
		HideSolutionNode = FALSE
	EndGlobalSection
	GlobalSection(NestedProjects) = preSolution
		{50795BD8-791A-4A12-906F-E67EC103386B} = {FAE2634E-CA5E-45A7-A26F-8335733598DD}
		{CFA98CE5-5ADE-4C77-9E5E-EF91DA215F56} = {10F3EA5B-8130-4CE0-B5C5-4FE6CF2C2878}
		{EC8C04CB-DCB7-45FF-8B22-AF4BE824A575} = {BEBAFF87-2BC2-4366-BA41-BB4E9CED544D}
		{5E0DFF52-37D9-444D-B361-E185D74DF762} = {1BA04860-F7B8-4557-A1BD-34DBCDEC6E28}
		{5B3DE673-3933-48F3-88CB-68B8FA5AB56F} = {0C25BF12-F979-4B26-B718-B896C6CED2E8}
		{F2A58BD4-F49C-4C29-AA83-76BCBC133DD8} = {51551D8D-C644-417A-AEB5-D602183E2012}
		{B7301766-53AA-4822-B7E7-3E274EF5366D} = {409BA0AA-14E4-4A5A-BE29-7B025C50A8DC}
		{8FDA8ED9-7848-4088-A565-AD2BC82FE090} = {7B9FE20C-D4AC-47D3-B37D-12E63756C969}
		{0E420B7C-6E87-4433-AE65-B61B8A15CB4C} = {B20D9A5B-ED1C-49BA-B811-8EDC06245C71}
		{13DAFE72-F787-4D0C-99AD-891BAF76B0F4} = {C1C295DE-3453-41CE-BECB-D2126A07367F}
		{19AD3CE7-C471-45F0-8863-02D7A7656782} = {6097FD61-15BF-474D-BBE4-EB93D8327CF2}
		{7E0792C0-F3A9-45D1-A128-BB28EF770C27} = {137D876E-C5DB-44C4-BC6B-8C1FD19141FC}
		{68969AB9-9C3B-4B9A-A436-BD05044ECAF4} = {486DAB06-77A8-40B1-9E7F-8298E8A68F10}
		{A666F71B-ACE5-472F-AD3B-713E8BBFBECC} = {AF69F264-2467-4CA1-926A-A79EB0D64225}
		{FBCAAEEE-5972-4168-8271-A5E115A6A13C} = {635B60CD-21AC-4BBB-8B75-A85EF50811F5}
		{CFE46A76-2581-487A-A4B5-C3F360D52EBE} = {0B1DF266-E451-4898-B541-178E46267CBA}
		{F9D246EF-5356-48E2-83C9-AA92F54AF102} = {066E1C96-1A47-4A54-8E23-87525380C17B}
		{72EA2439-FB88-4D8F-A5C3-1946A1ADFA53} = {758AED96-CB19-4386-BAD7-C7A0183F3C99}
		{D632A77C-3441-4F82-98FC-DA5ED3400499} = {D7068882-A114-490F-88A7-39E5C3C6A1F9}
		{4A32CFC8-7A0A-44EC-95EE-4E9241664555} = {CF37F2B3-6C75-47D8-BE7B-E9B68C58DD81}
	EndGlobalSection
	GlobalSection(ExtensibilityGlobals) = postSolution
		SolutionGuid = {5F84E2BD-3C45-4803-A529-CB75DC03B40B}
	EndGlobalSection
EndGlobal
