
Microsoft Visual Studio Solution File, Format Version 12.00
# Visual Studio Version 16
VisualStudioVersion = 16.0.808.0
MinimumVisualStudioVersion = 10.0.40219.1
Project("{2150E333-8FDC-42A3-9474-1A3956D46DE8}") = "May25thIntroduction", "May25thIntroduction", "{FAE2634E-CA5E-45A7-A26F-8335733598DD}"
EndProject
Project("{FAE04EC0-301F-11D3-BF4B-00C04F79EFBC}") = "HelloWorld", "HelloWorld\HelloWorld.csproj", "{50795BD8-791A-4A12-906F-E67EC103386B}"
EndProject
Project("{2150E333-8FDC-42A3-9474-1A3956D46DE8}") = "May26ThLoopIntro", "May26ThLoopIntro", "{10F3EA5B-8130-4CE0-B5C5-4FE6CF2C2878}"
EndProject
Project("{FAE04EC0-301F-11D3-BF4B-00C04F79EFBC}") = "Loops", "Loops\Loops.csproj", "{CFA98CE5-5ADE-4C77-9E5E-EF91DA215F56}"
EndProject
Project("{2150E333-8FDC-42A3-9474-1A3956D46DE8}") = "June2ndMethods", "June2ndMethods", "{BEBAFF87-2BC2-4366-BA41-BB4E9CED544D}"
EndProject
Project("{FAE04EC0-301F-11D3-BF4B-00C04F79EFBC}") = "Methods", "Methods\Methods.csproj", "{EC8C04CB-DCB7-45FF-8B22-AF4BE824A575}"
EndProject
Project("{2150E333-8FDC-42A3-9474-1A3956D46DE8}") = "June3rdStrings", "June3rdStrings", "{1BA04860-F7B8-4557-A1BD-34DBCDEC6E28}"
EndProject
Project("{FAE04EC0-301F-11D3-BF4B-00C04F79EFBC}") = "StringsExample", "StringsExample\StringsExample.csproj", "{5E0DFF52-37D9-444D-B361-E185D74DF762}"
EndProject
Project("{2150E333-8FDC-42A3-9474-1A3956D46DE8}") = "June6thArrays", "June6thArrays", "{0C25BF12-F979-4B26-B718-B896C6CED2E8}"
EndProject
Project("{FAE04EC0-301F-11D3-BF4B-00C04F79EFBC}") = "IntroArrays", "IntroArrays\IntroArrays.csproj", "{5B3DE673-3933-48F3-88CB-68B8FA5AB56F}"
EndProject
Project("{2150E333-8FDC-42A3-9474-1A3956D46DE8}") = "June14ThExamples", "June14ThExamples", "{51551D8D-C644-417A-AEB5-D602183E2012}"
EndProject
Project("{FAE04EC0-301F-11D3-BF4B-00C04F79EFBC}") = "LINQExamples", "LINQExamples\LINQExamples.csproj", "{F2A58BD4-F49C-4C29-AA83-76BCBC133DD8}"
EndProject
Project("{2150E333-8FDC-42A3-9474-1A3956D46DE8}") = "June16thExamples", "June16thExamples", "{409BA0AA-14E4-4A5A-BE29-7B025C50A8DC}"
EndProject
Project("{FAE04EC0-301F-11D3-BF4B-00C04F79EFBC}") = "ErrorHandlingExamples", "ErrorHandlingExamples\ErrorHandlingExamples.csproj", "{B7301766-53AA-4822-B7E7-3E274EF5366D}"
EndProject
Global
	GlobalSection(SolutionConfigurationPlatforms) = preSolution
		Debug|Any CPU = Debug|Any CPU
		Release|Any CPU = Release|Any CPU
	EndGlobalSection
	GlobalSection(ProjectConfigurationPlatforms) = postSolution
		{50795BD8-791A-4A12-906F-E67EC103386B}.Debug|Any CPU.ActiveCfg = Debug|Any CPU
		{50795BD8-791A-4A12-906F-E67EC103386B}.Debug|Any CPU.Build.0 = Debug|Any CPU
		{50795BD8-791A-4A12-906F-E67EC103386B}.Release|Any CPU.ActiveCfg = Release|Any CPU
		{50795BD8-791A-4A12-906F-E67EC103386B}.Release|Any CPU.Build.0 = Release|Any CPU
		{CFA98CE5-5ADE-4C77-9E5E-EF91DA215F56}.Debug|Any CPU.ActiveCfg = Debug|Any CPU
		{CFA98CE5-5ADE-4C77-9E5E-EF91DA215F56}.Debug|Any CPU.Build.0 = Debug|Any CPU
		{CFA98CE5-5ADE-4C77-9E5E-EF91DA215F56}.Release|Any CPU.ActiveCfg = Release|Any CPU
		{CFA98CE5-5ADE-4C77-9E5E-EF91DA215F56}.Release|Any CPU.Build.0 = Release|Any CPU
		{EC8C04CB-DCB7-45FF-8B22-AF4BE824A575}.Debug|Any CPU.ActiveCfg = Debug|Any CPU
		{EC8C04CB-DCB7-45FF-8B22-AF4BE824A575}.Debug|Any CPU.Build.0 = Debug|Any CPU
		{EC8C04CB-DCB7-45FF-8B22-AF4BE824A575}.Release|Any CPU.ActiveCfg = Release|Any CPU
		{EC8C04CB-DCB7-45FF-8B22-AF4BE824A575}.Release|Any CPU.Build.0 = Release|Any CPU
		{5E0DFF52-37D9-444D-B361-E185D74DF762}.Debug|Any CPU.ActiveCfg = Debug|Any CPU
		{5E0DFF52-37D9-444D-B361-E185D74DF762}.Debug|Any CPU.Build.0 = Debug|Any CPU
		{5E0DFF52-37D9-444D-B361-E185D74DF762}.Release|Any CPU.ActiveCfg = Release|Any CPU
		{5E0DFF52-37D9-444D-B361-E185D74DF762}.Release|Any CPU.Build.0 = Release|Any CPU
		{5B3DE673-3933-48F3-88CB-68B8FA5AB56F}.Debug|Any CPU.ActiveCfg = Debug|Any CPU
		{5B3DE673-3933-48F3-88CB-68B8FA5AB56F}.Debug|Any CPU.Build.0 = Debug|Any CPU
		{5B3DE673-3933-48F3-88CB-68B8FA5AB56F}.Release|Any CPU.ActiveCfg = Release|Any CPU
		{5B3DE673-3933-48F3-88CB-68B8FA5AB56F}.Release|Any CPU.Build.0 = Release|Any CPU
		{F2A58BD4-F49C-4C29-AA83-76BCBC133DD8}.Debug|Any CPU.ActiveCfg = Debug|Any CPU
		{F2A58BD4-F49C-4C29-AA83-76BCBC133DD8}.Debug|Any CPU.Build.0 = Debug|Any CPU
		{F2A58BD4-F49C-4C29-AA83-76BCBC133DD8}.Release|Any CPU.ActiveCfg = Release|Any CPU
		{F2A58BD4-F49C-4C29-AA83-76BCBC133DD8}.Release|Any CPU.Build.0 = Release|Any CPU
		{B7301766-53AA-4822-B7E7-3E274EF5366D}.Debug|Any CPU.ActiveCfg = Debug|Any CPU
		{B7301766-53AA-4822-B7E7-3E274EF5366D}.Debug|Any CPU.Build.0 = Debug|Any CPU
		{B7301766-53AA-4822-B7E7-3E274EF5366D}.Release|Any CPU.ActiveCfg = Release|Any CPU
		{B7301766-53AA-4822-B7E7-3E274EF5366D}.Release|Any CPU.Build.0 = Release|Any CPU
	EndGlobalSection
	GlobalSection(SolutionProperties) = preSolution
		HideSolutionNode = FALSE
	EndGlobalSection
	GlobalSection(ExtensibilityGlobals) = postSolution
		SolutionGuid = {5F84E2BD-3C45-4803-A529-CB75DC03B40B}
	EndGlobalSection
	GlobalSection(NestedProjects) = preSolution
		{50795BD8-791A-4A12-906F-E67EC103386B} = {FAE2634E-CA5E-45A7-A26F-8335733598DD}
		{CFA98CE5-5ADE-4C77-9E5E-EF91DA215F56} = {10F3EA5B-8130-4CE0-B5C5-4FE6CF2C2878}
		{EC8C04CB-DCB7-45FF-8B22-AF4BE824A575} = {BEBAFF87-2BC2-4366-BA41-BB4E9CED544D}
		{5E0DFF52-37D9-444D-B361-E185D74DF762} = {1BA04860-F7B8-4557-A1BD-34DBCDEC6E28}
		{5B3DE673-3933-48F3-88CB-68B8FA5AB56F} = {0C25BF12-F979-4B26-B718-B896C6CED2E8}
		{F2A58BD4-F49C-4C29-AA83-76BCBC133DD8} = {51551D8D-C644-417A-AEB5-D602183E2012}
		{B7301766-53AA-4822-B7E7-3E274EF5366D} = {409BA0AA-14E4-4A5A-BE29-7B025C50A8DC}
	EndGlobalSection
EndGlobal
